// !$*UTF8*$!
{
	archiveVersion = 1;
	classes = {
	};
	objectVersion = 77;
	objects = {

/* Begin PBXBuildFile section */
		1305A18B2E5298DC0029E6A9 /* FirebaseAuth in Frameworks */ = {isa = PBXBuildFile; productRef = 1305A18A2E5298DC0029E6A9 /* FirebaseAuth */; };
		1305A18D2E5298DC0029E6A9 /* FirebaseFirestore in Frameworks */ = {isa = PBXBuildFile; productRef = 1305A18C2E5298DC0029E6A9 /* FirebaseFirestore */; };
		1305A1A92E52A1190029E6A9 /* AppUI in Frameworks */ = {isa = PBXBuildFile; productRef = 1305A1A82E52A1190029E6A9 /* AppUI */; };
		1305A1B02E52AAB70029E6A9 /* Sensing in Frameworks */ = {isa = PBXBuildFile; productRef = 1305A1AF2E52AAB70029E6A9 /* Sensing */; };
		1305A1BC2E7603A60029E6A9 /* FirebaseBootstrap.swift in Sources */ = {isa = PBXBuildFile; fileRef = 1305A1B82E7600350029E6A9 /* FirebaseBootstrap.swift */; };
		1305A1BD2E7603A60029E6A9 /* CloudSessionSync.swift in Sources */ = {isa = PBXBuildFile; fileRef = 1305A1BA2E76004B0029E6A9 /* CloudSessionSync.swift */; };
		1305A1BE2E7603A60029E6A9 /* LiveSessionScreen.swift in Sources */ = {isa = PBXBuildFile; fileRef = 1305A1B72E75F5520029E6A9 /* LiveSessionScreen.swift */; };
		1305A1BF2E7603A60029E6A9 /* PendingUploadStore.swift in Sources */ = {isa = PBXBuildFile; fileRef = 1305A1BB2E7600530029E6A9 /* PendingUploadStore.swift */; };
		1305A1C02E7603A60029E6A9 /* AuthService.swift in Sources */ = {isa = PBXBuildFile; fileRef = 1305A1B92E7600450029E6A9 /* AuthService.swift */; };
		1305A1C12E7603A60029E6A9 /* SessionUploader.swift in Sources */ = {isa = PBXBuildFile; fileRef = 1305A1B62E75F5370029E6A9 /* SessionUploader.swift */; };
		1305A1C22E7603A60029E6A9 /* CloudAuth.swift in Sources */ = {isa = PBXBuildFile; fileRef = 1305A1B42E75F52B0029E6A9 /* CloudAuth.swift */; };
		1305A1C32E7603A60029E6A9 /* AccountSheet.swift in Sources */ = {isa = PBXBuildFile; fileRef = 1305A1B52E75F5320029E6A9 /* AccountSheet.swift */; };
		1305A1C52E7608FB0029E6A9 /* AppDelegate.swift in Sources */ = {isa = PBXBuildFile; fileRef = 1305A1C42E7608FB0029E6A9 /* AppDelegate.swift */; };
		1305A1ED2E78B6ED0029E6A9 /* CloudSessionStore.swift in Sources */ = {isa = PBXBuildFile; fileRef = 1305A1EC2E78B6ED0029E6A9 /* CloudSessionStore.swift */; };
		1305A1EF2E78B6F90029E6A9 /* UnifiedHistoryScreen.swift in Sources */ = {isa = PBXBuildFile; fileRef = 1305A1EE2E78B6F90029E6A9 /* UnifiedHistoryScreen.swift */; };
		1305A1F62E7DF8DD0029E6A9 /* GoogleService-Info.plist in Resources */ = {isa = PBXBuildFile; fileRef = 1305A1F52E7DF8DD0029E6A9 /* GoogleService-Info.plist */; };
		1305A1FA2E7DFD6D0029E6A9 /* GoogleSignIn in Frameworks */ = {isa = PBXBuildFile; productRef = 1305A1F92E7DFD6D0029E6A9 /* GoogleSignIn */; };
		1305A1FC2E7DFD6D0029E6A9 /* GoogleSignInSwift in Frameworks */ = {isa = PBXBuildFile; productRef = 1305A1FB2E7DFD6D0029E6A9 /* GoogleSignInSwift */; };
		1305A2012E7F75030029E6A9 /* MigrationCoordinator.swift in Sources */ = {isa = PBXBuildFile; fileRef = 1305A2002E7F75030029E6A9 /* MigrationCoordinator.swift */; };
/* End PBXBuildFile section */

/* Begin PBXContainerItemProxy section */
		1305A16D2E5297040029E6A9 /* PBXContainerItemProxy */ = {
			isa = PBXContainerItemProxy;
			containerPortal = 1305A1572E5297020029E6A9 /* Project object */;
			proxyType = 1;
			remoteGlobalIDString = 1305A15E2E5297020029E6A9;
			remoteInfo = PushupProApp;
		};
		1305A1772E5297040029E6A9 /* PBXContainerItemProxy */ = {
			isa = PBXContainerItemProxy;
			containerPortal = 1305A1572E5297020029E6A9 /* Project object */;
			proxyType = 1;
			remoteGlobalIDString = 1305A15E2E5297020029E6A9;
			remoteInfo = PushupProApp;
		};
/* End PBXContainerItemProxy section */

/* Begin PBXFileReference section */
		1305A15F2E5297020029E6A9 /* PushupProApp.app */ = {isa = PBXFileReference; explicitFileType = wrapper.application; includeInIndex = 0; path = PushupProApp.app; sourceTree = BUILT_PRODUCTS_DIR; };
		1305A16C2E5297040029E6A9 /* PushupProAppTests.xctest */ = {isa = PBXFileReference; explicitFileType = wrapper.cfbundle; includeInIndex = 0; path = PushupProAppTests.xctest; sourceTree = BUILT_PRODUCTS_DIR; };
		1305A1762E5297040029E6A9 /* PushupProAppUITests.xctest */ = {isa = PBXFileReference; explicitFileType = wrapper.cfbundle; includeInIndex = 0; path = PushupProAppUITests.xctest; sourceTree = BUILT_PRODUCTS_DIR; };
		1305A1B42E75F52B0029E6A9 /* CloudAuth.swift */ = {isa = PBXFileReference; lastKnownFileType = sourcecode.swift; path = CloudAuth.swift; sourceTree = "<group>"; };
		1305A1B52E75F5320029E6A9 /* AccountSheet.swift */ = {isa = PBXFileReference; lastKnownFileType = sourcecode.swift; path = AccountSheet.swift; sourceTree = "<group>"; };
		1305A1B62E75F5370029E6A9 /* SessionUploader.swift */ = {isa = PBXFileReference; lastKnownFileType = sourcecode.swift; path = SessionUploader.swift; sourceTree = "<group>"; };
		1305A1B72E75F5520029E6A9 /* LiveSessionScreen.swift */ = {isa = PBXFileReference; lastKnownFileType = sourcecode.swift; path = LiveSessionScreen.swift; sourceTree = "<group>"; };
		1305A1B82E7600350029E6A9 /* FirebaseBootstrap.swift */ = {isa = PBXFileReference; lastKnownFileType = sourcecode.swift; path = FirebaseBootstrap.swift; sourceTree = "<group>"; };
		1305A1B92E7600450029E6A9 /* AuthService.swift */ = {isa = PBXFileReference; lastKnownFileType = sourcecode.swift; path = AuthService.swift; sourceTree = "<group>"; };
		1305A1BA2E76004B0029E6A9 /* CloudSessionSync.swift */ = {isa = PBXFileReference; lastKnownFileType = sourcecode.swift; path = CloudSessionSync.swift; sourceTree = "<group>"; };
		1305A1BB2E7600530029E6A9 /* PendingUploadStore.swift */ = {isa = PBXFileReference; lastKnownFileType = sourcecode.swift; path = PendingUploadStore.swift; sourceTree = "<group>"; };
		1305A1C42E7608FB0029E6A9 /* AppDelegate.swift */ = {isa = PBXFileReference; lastKnownFileType = sourcecode.swift; path = AppDelegate.swift; sourceTree = "<group>"; };
		1305A1EC2E78B6ED0029E6A9 /* CloudSessionStore.swift */ = {isa = PBXFileReference; lastKnownFileType = sourcecode.swift; path = CloudSessionStore.swift; sourceTree = "<group>"; };
		1305A1EE2E78B6F90029E6A9 /* UnifiedHistoryScreen.swift */ = {isa = PBXFileReference; lastKnownFileType = sourcecode.swift; path = UnifiedHistoryScreen.swift; sourceTree = "<group>"; };
		1305A1F52E7DF8DD0029E6A9 /* GoogleService-Info.plist */ = {isa = PBXFileReference; lastKnownFileType = text.plist.xml; path = "GoogleService-Info.plist"; sourceTree = "<group>"; };
		1305A2002E7F75030029E6A9 /* MigrationCoordinator.swift */ = {isa = PBXFileReference; lastKnownFileType = sourcecode.swift; path = MigrationCoordinator.swift; sourceTree = "<group>"; };
/* End PBXFileReference section */

/* Begin PBXFileSystemSynchronizedBuildFileExceptionSet section */
		1305A1F82E7DF9100029E6A9 /* Exceptions for "PushupProApp" folder in "PushupProApp" target */ = {
			isa = PBXFileSystemSynchronizedBuildFileExceptionSet;
			membershipExceptions = (
				Info.plist,
			);
			target = 1305A15E2E5297020029E6A9 /* PushupProApp */;
		};
/* End PBXFileSystemSynchronizedBuildFileExceptionSet section */

/* Begin PBXFileSystemSynchronizedRootGroup section */
		1305A1612E5297020029E6A9 /* PushupProApp */ = {
			isa = PBXFileSystemSynchronizedRootGroup;
			exceptions = (
				1305A1F82E7DF9100029E6A9 /* Exceptions for "PushupProApp" folder in "PushupProApp" target */,
			);
			path = PushupProApp;
			sourceTree = "<group>";
		};
		1305A16F2E5297040029E6A9 /* PushupProAppTests */ = {
			isa = PBXFileSystemSynchronizedRootGroup;
			path = PushupProAppTests;
			sourceTree = "<group>";
		};
		1305A1792E5297040029E6A9 /* PushupProAppUITests */ = {
			isa = PBXFileSystemSynchronizedRootGroup;
			path = PushupProAppUITests;
			sourceTree = "<group>";
		};
		1305A1FD2E7F74DA0029E6A9 /* Local */ = {
			isa = PBXFileSystemSynchronizedRootGroup;
			path = Local;
			sourceTree = "<group>";
		};
/* End PBXFileSystemSynchronizedRootGroup section */

/* Begin PBXFrameworksBuildPhase section */
		1305A15C2E5297020029E6A9 /* Frameworks */ = {
			isa = PBXFrameworksBuildPhase;
			buildActionMask = 2147483647;
			files = (
				1305A1FA2E7DFD6D0029E6A9 /* GoogleSignIn in Frameworks */,
				1305A1A92E52A1190029E6A9 /* AppUI in Frameworks */,
				1305A18B2E5298DC0029E6A9 /* FirebaseAuth in Frameworks */,
				1305A1FC2E7DFD6D0029E6A9 /* GoogleSignInSwift in Frameworks */,
				1305A1B02E52AAB70029E6A9 /* Sensing in Frameworks */,
				1305A18D2E5298DC0029E6A9 /* FirebaseFirestore in Frameworks */,
			);
			runOnlyForDeploymentPostprocessing = 0;
		};
		1305A1692E5297040029E6A9 /* Frameworks */ = {
			isa = PBXFrameworksBuildPhase;
			buildActionMask = 2147483647;
			files = (
			);
			runOnlyForDeploymentPostprocessing = 0;
		};
		1305A1732E5297040029E6A9 /* Frameworks */ = {
			isa = PBXFrameworksBuildPhase;
			buildActionMask = 2147483647;
			files = (
			);
			runOnlyForDeploymentPostprocessing = 0;
		};
/* End PBXFrameworksBuildPhase section */

/* Begin PBXGroup section */
		1305A1562E5297020029E6A9 = {
			isa = PBXGroup;
			children = (
				1305A1FD2E7F74DA0029E6A9 /* Local */,
				1305A1B32E75F51A0029E6A9 /* Cloud */,
				1305A1612E5297020029E6A9 /* PushupProApp */,
				1305A16F2E5297040029E6A9 /* PushupProAppTests */,
				1305A1792E5297040029E6A9 /* PushupProAppUITests */,
				1305A1602E5297020029E6A9 /* Products */,
				1305A1F52E7DF8DD0029E6A9 /* GoogleService-Info.plist */,
			);
			sourceTree = "<group>";
		};
		1305A1602E5297020029E6A9 /* Products */ = {
			isa = PBXGroup;
			children = (
				1305A15F2E5297020029E6A9 /* PushupProApp.app */,
				1305A16C2E5297040029E6A9 /* PushupProAppTests.xctest */,
				1305A1762E5297040029E6A9 /* PushupProAppUITests.xctest */,
			);
			name = Products;
			sourceTree = "<group>";
		};
		1305A1B32E75F51A0029E6A9 /* Cloud */ = {
			isa = PBXGroup;
			children = (
				1305A1B42E75F52B0029E6A9 /* CloudAuth.swift */,
				1305A1B52E75F5320029E6A9 /* AccountSheet.swift */,
				1305A1BB2E7600530029E6A9 /* PendingUploadStore.swift */,
				1305A2002E7F75030029E6A9 /* MigrationCoordinator.swift */,
				1305A1EE2E78B6F90029E6A9 /* UnifiedHistoryScreen.swift */,
				1305A1B82E7600350029E6A9 /* FirebaseBootstrap.swift */,
				1305A1EC2E78B6ED0029E6A9 /* CloudSessionStore.swift */,
				1305A1BA2E76004B0029E6A9 /* CloudSessionSync.swift */,
				1305A1C42E7608FB0029E6A9 /* AppDelegate.swift */,
				1305A1B92E7600450029E6A9 /* AuthService.swift */,
				1305A1B72E75F5520029E6A9 /* LiveSessionScreen.swift */,
				1305A1B62E75F5370029E6A9 /* SessionUploader.swift */,
			);
			path = Cloud;
			sourceTree = "<group>";
		};
/* End PBXGroup section */

/* Begin PBXNativeTarget section */
		1305A15E2E5297020029E6A9 /* PushupProApp */ = {
			isa = PBXNativeTarget;
			buildConfigurationList = 1305A1802E5297040029E6A9 /* Build configuration list for PBXNativeTarget "PushupProApp" */;
			buildPhases = (
				1305A15B2E5297020029E6A9 /* Sources */,
				1305A15C2E5297020029E6A9 /* Frameworks */,
				1305A15D2E5297020029E6A9 /* Resources */,
				1305A19A2E529D060029E6A9 /* ShellScript */,
			);
			buildRules = (
			);
			dependencies = (
			);
			fileSystemSynchronizedGroups = (
				1305A1612E5297020029E6A9 /* PushupProApp */,
				1305A1FD2E7F74DA0029E6A9 /* Local */,
			);
			name = PushupProApp;
			packageProductDependencies = (
				1305A18A2E5298DC0029E6A9 /* FirebaseAuth */,
				1305A18C2E5298DC0029E6A9 /* FirebaseFirestore */,
				1305A1A82E52A1190029E6A9 /* AppUI */,
				1305A1AF2E52AAB70029E6A9 /* Sensing */,
				1305A1F92E7DFD6D0029E6A9 /* GoogleSignIn */,
				1305A1FB2E7DFD6D0029E6A9 /* GoogleSignInSwift */,
			);
			productName = PushupProApp;
			productReference = 1305A15F2E5297020029E6A9 /* PushupProApp.app */;
			productType = "com.apple.product-type.application";
		};
		1305A16B2E5297040029E6A9 /* PushupProAppTests */ = {
			isa = PBXNativeTarget;
			buildConfigurationList = 1305A1832E5297040029E6A9 /* Build configuration list for PBXNativeTarget "PushupProAppTests" */;
			buildPhases = (
				1305A1682E5297040029E6A9 /* Sources */,
				1305A1692E5297040029E6A9 /* Frameworks */,
				1305A16A2E5297040029E6A9 /* Resources */,
			);
			buildRules = (
			);
			dependencies = (
				1305A16E2E5297040029E6A9 /* PBXTargetDependency */,
			);
			fileSystemSynchronizedGroups = (
				1305A16F2E5297040029E6A9 /* PushupProAppTests */,
			);
			name = PushupProAppTests;
			packageProductDependencies = (
			);
			productName = PushupProAppTests;
			productReference = 1305A16C2E5297040029E6A9 /* PushupProAppTests.xctest */;
			productType = "com.apple.product-type.bundle.unit-test";
		};
		1305A1752E5297040029E6A9 /* PushupProAppUITests */ = {
			isa = PBXNativeTarget;
			buildConfigurationList = 1305A1862E5297040029E6A9 /* Build configuration list for PBXNativeTarget "PushupProAppUITests" */;
			buildPhases = (
				1305A1722E5297040029E6A9 /* Sources */,
				1305A1732E5297040029E6A9 /* Frameworks */,
				1305A1742E5297040029E6A9 /* Resources */,
			);
			buildRules = (
			);
			dependencies = (
				1305A1782E5297040029E6A9 /* PBXTargetDependency */,
			);
			fileSystemSynchronizedGroups = (
				1305A1792E5297040029E6A9 /* PushupProAppUITests */,
			);
			name = PushupProAppUITests;
			packageProductDependencies = (
			);
			productName = PushupProAppUITests;
			productReference = 1305A1762E5297040029E6A9 /* PushupProAppUITests.xctest */;
			productType = "com.apple.product-type.bundle.ui-testing";
		};
/* End PBXNativeTarget section */

/* Begin PBXProject section */
		1305A1572E5297020029E6A9 /* Project object */ = {
			isa = PBXProject;
			attributes = {
				BuildIndependentTargetsInParallel = 1;
				LastSwiftUpdateCheck = 1630;
				LastUpgradeCheck = 1630;
				TargetAttributes = {
					1305A15E2E5297020029E6A9 = {
						CreatedOnToolsVersion = 16.3;
					};
					1305A16B2E5297040029E6A9 = {
						CreatedOnToolsVersion = 16.3;
						TestTargetID = 1305A15E2E5297020029E6A9;
					};
					1305A1752E5297040029E6A9 = {
						CreatedOnToolsVersion = 16.3;
						TestTargetID = 1305A15E2E5297020029E6A9;
					};
				};
			};
			buildConfigurationList = 1305A15A2E5297020029E6A9 /* Build configuration list for PBXProject "PushupProApp" */;
			developmentRegion = en;
			hasScannedForEncodings = 0;
			knownRegions = (
				en,
				Base,
			);
			mainGroup = 1305A1562E5297020029E6A9;
			minimizedProjectReferenceProxies = 1;
			packageReferences = (
				1305A1892E5298DC0029E6A9 /* XCRemoteSwiftPackageReference "firebase-ios-sdk" */,
				1305A1A72E52A1180029E6A9 /* XCLocalSwiftPackageReference "../Packages/AppUI" */,
				1305A1AE2E52AAB70029E6A9 /* XCLocalSwiftPackageReference "../Packages/Sensing" */,
				1305A1F42E7DF6F60029E6A9 /* XCRemoteSwiftPackageReference "GoogleSignIn-iOS" */,
			);
			preferredProjectObjectVersion = 77;
			productRefGroup = 1305A1602E5297020029E6A9 /* Products */;
			projectDirPath = "";
			projectRoot = "";
			targets = (
				1305A15E2E5297020029E6A9 /* PushupProApp */,
				1305A16B2E5297040029E6A9 /* PushupProAppTests */,
				1305A1752E5297040029E6A9 /* PushupProAppUITests */,
			);
		};
/* End PBXProject section */

/* Begin PBXResourcesBuildPhase section */
		1305A15D2E5297020029E6A9 /* Resources */ = {
			isa = PBXResourcesBuildPhase;
			buildActionMask = 2147483647;
			files = (
				1305A1F62E7DF8DD0029E6A9 /* GoogleService-Info.plist in Resources */,
			);
			runOnlyForDeploymentPostprocessing = 0;
		};
		1305A16A2E5297040029E6A9 /* Resources */ = {
			isa = PBXResourcesBuildPhase;
			buildActionMask = 2147483647;
			files = (
			);
			runOnlyForDeploymentPostprocessing = 0;
		};
		1305A1742E5297040029E6A9 /* Resources */ = {
			isa = PBXResourcesBuildPhase;
			buildActionMask = 2147483647;
			files = (
			);
			runOnlyForDeploymentPostprocessing = 0;
		};
/* End PBXResourcesBuildPhase section */

/* Begin PBXShellScriptBuildPhase section */
		1305A19A2E529D060029E6A9 /* ShellScript */ = {
			isa = PBXShellScriptBuildPhase;
			buildActionMask = 2147483647;
			files = (
			);
			inputFileListPaths = (
			);
			inputPaths = (
			);
			outputFileListPaths = (
			);
			outputPaths = (
			);
			runOnlyForDeploymentPostprocessing = 0;
			shellPath = /bin/sh;
			shellScript = "# Fail fast on errors\nset -e\n\n# Repo root (works whether building from Xcode or CI)\nREPO_ROOT=\"${PROJECT_DIR}\"\n\n# Ensure Homebrew bin is on PATH (for some CI/mac setups)\nexport PATH=\"/opt/homebrew/bin:/usr/local/bin:$PATH\"\n\nif command -v swiftformat >/dev/null 2>&1; then\n  echo \"Running SwiftFormat (lint mode)…\"\n  swiftformat \"$REPO_ROOT\" --lint\nelse\n  echo \"warning: SwiftFormat not installed (brew install swiftformat)\"\nfi\n\nif command -v swiftlint >/dev/null 2>&1; then\n  echo \"Running SwiftLint…\"\n  # If you have a .swiftlint.yml at repo root, point to it explicitly:\n  swiftlint --strict --config \"$REPO_ROOT/.swiftlint.yml\"\nelse\n  echo \"warning: SwiftLint not installed (brew install swiftlint)\"\nfi\n";
		};
/* End PBXShellScriptBuildPhase section */

/* Begin PBXSourcesBuildPhase section */
		1305A15B2E5297020029E6A9 /* Sources */ = {
			isa = PBXSourcesBuildPhase;
			buildActionMask = 2147483647;
			files = (
				1305A1BC2E7603A60029E6A9 /* FirebaseBootstrap.swift in Sources */,
				1305A1BD2E7603A60029E6A9 /* CloudSessionSync.swift in Sources */,
				1305A1BE2E7603A60029E6A9 /* LiveSessionScreen.swift in Sources */,
				1305A1C52E7608FB0029E6A9 /* AppDelegate.swift in Sources */,
				1305A1BF2E7603A60029E6A9 /* PendingUploadStore.swift in Sources */,
				1305A1C02E7603A60029E6A9 /* AuthService.swift in Sources */,
				1305A1ED2E78B6ED0029E6A9 /* CloudSessionStore.swift in Sources */,
				1305A1C12E7603A60029E6A9 /* SessionUploader.swift in Sources */,
				1305A1C22E7603A60029E6A9 /* CloudAuth.swift in Sources */,
				1305A2012E7F75030029E6A9 /* MigrationCoordinator.swift in Sources */,
				1305A1EF2E78B6F90029E6A9 /* UnifiedHistoryScreen.swift in Sources */,
				1305A1C32E7603A60029E6A9 /* AccountSheet.swift in Sources */,
			);
			runOnlyForDeploymentPostprocessing = 0;
		};
		1305A1682E5297040029E6A9 /* Sources */ = {
			isa = PBXSourcesBuildPhase;
			buildActionMask = 2147483647;
			files = (
			);
			runOnlyForDeploymentPostprocessing = 0;
		};
		1305A1722E5297040029E6A9 /* Sources */ = {
			isa = PBXSourcesBuildPhase;
			buildActionMask = 2147483647;
			files = (
			);
			runOnlyForDeploymentPostprocessing = 0;
		};
/* End PBXSourcesBuildPhase section */

/* Begin PBXTargetDependency section */
		1305A16E2E5297040029E6A9 /* PBXTargetDependency */ = {
			isa = PBXTargetDependency;
			target = 1305A15E2E5297020029E6A9 /* PushupProApp */;
			targetProxy = 1305A16D2E5297040029E6A9 /* PBXContainerItemProxy */;
		};
		1305A1782E5297040029E6A9 /* PBXTargetDependency */ = {
			isa = PBXTargetDependency;
			target = 1305A15E2E5297020029E6A9 /* PushupProApp */;
			targetProxy = 1305A1772E5297040029E6A9 /* PBXContainerItemProxy */;
		};
/* End PBXTargetDependency section */

/* Begin XCBuildConfiguration section */
		1305A17E2E5297040029E6A9 /* Debug */ = {
			isa = XCBuildConfiguration;
			buildSettings = {
				ALWAYS_SEARCH_USER_PATHS = NO;
				ASSETCATALOG_COMPILER_GENERATE_SWIFT_ASSET_SYMBOL_EXTENSIONS = YES;
				CLANG_ANALYZER_NONNULL = YES;
				CLANG_ANALYZER_NUMBER_OBJECT_CONVERSION = YES_AGGRESSIVE;
				CLANG_CXX_LANGUAGE_STANDARD = "gnu++20";
				CLANG_ENABLE_MODULES = YES;
				CLANG_ENABLE_OBJC_ARC = YES;
				CLANG_ENABLE_OBJC_WEAK = YES;
				CLANG_WARN_BLOCK_CAPTURE_AUTORELEASING = YES;
				CLANG_WARN_BOOL_CONVERSION = YES;
				CLANG_WARN_COMMA = YES;
				CLANG_WARN_CONSTANT_CONVERSION = YES;
				CLANG_WARN_DEPRECATED_OBJC_IMPLEMENTATIONS = YES;
				CLANG_WARN_DIRECT_OBJC_ISA_USAGE = YES_ERROR;
				CLANG_WARN_DOCUMENTATION_COMMENTS = YES;
				CLANG_WARN_EMPTY_BODY = YES;
				CLANG_WARN_ENUM_CONVERSION = YES;
				CLANG_WARN_INFINITE_RECURSION = YES;
				CLANG_WARN_INT_CONVERSION = YES;
				CLANG_WARN_NON_LITERAL_NULL_CONVERSION = YES;
				CLANG_WARN_OBJC_IMPLICIT_RETAIN_SELF = YES;
				CLANG_WARN_OBJC_LITERAL_CONVERSION = YES;
				CLANG_WARN_OBJC_ROOT_CLASS = YES_ERROR;
				CLANG_WARN_QUOTED_INCLUDE_IN_FRAMEWORK_HEADER = YES;
				CLANG_WARN_RANGE_LOOP_ANALYSIS = YES;
				CLANG_WARN_STRICT_PROTOTYPES = YES;
				CLANG_WARN_SUSPICIOUS_MOVE = YES;
				CLANG_WARN_UNGUARDED_AVAILABILITY = YES_AGGRESSIVE;
				CLANG_WARN_UNREACHABLE_CODE = YES;
				CLANG_WARN__DUPLICATE_METHOD_MATCH = YES;
				COPY_PHASE_STRIP = NO;
				DEBUG_INFORMATION_FORMAT = dwarf;
				DEVELOPMENT_TEAM = 3Z83SUM8JF;
				ENABLE_STRICT_OBJC_MSGSEND = YES;
				ENABLE_TESTABILITY = YES;
				ENABLE_USER_SCRIPT_SANDBOXING = YES;
				GCC_C_LANGUAGE_STANDARD = gnu17;
				GCC_DYNAMIC_NO_PIC = NO;
				GCC_NO_COMMON_BLOCKS = YES;
				GCC_OPTIMIZATION_LEVEL = 0;
				GCC_PREPROCESSOR_DEFINITIONS = (
					"DEBUG=1",
					"$(inherited)",
				);
				GCC_WARN_64_TO_32_BIT_CONVERSION = YES;
				GCC_WARN_ABOUT_RETURN_TYPE = YES_ERROR;
				GCC_WARN_UNDECLARED_SELECTOR = YES;
				GCC_WARN_UNINITIALIZED_AUTOS = YES_AGGRESSIVE;
				GCC_WARN_UNUSED_FUNCTION = YES;
				GCC_WARN_UNUSED_VARIABLE = YES;
				IPHONEOS_DEPLOYMENT_TARGET = 18.4;
				LOCALIZATION_PREFERS_STRING_CATALOGS = YES;
				MTL_ENABLE_DEBUG_INFO = INCLUDE_SOURCE;
				MTL_FAST_MATH = YES;
				ONLY_ACTIVE_ARCH = YES;
				SDKROOT = iphoneos;
				SWIFT_ACTIVE_COMPILATION_CONDITIONS = "DEBUG $(inherited)";
				SWIFT_OPTIMIZATION_LEVEL = "-Onone";
			};
			name = Debug;
		};
		1305A17F2E5297040029E6A9 /* Release */ = {
			isa = XCBuildConfiguration;
			buildSettings = {
				ALWAYS_SEARCH_USER_PATHS = NO;
				ASSETCATALOG_COMPILER_GENERATE_SWIFT_ASSET_SYMBOL_EXTENSIONS = YES;
				CLANG_ANALYZER_NONNULL = YES;
				CLANG_ANALYZER_NUMBER_OBJECT_CONVERSION = YES_AGGRESSIVE;
				CLANG_CXX_LANGUAGE_STANDARD = "gnu++20";
				CLANG_ENABLE_MODULES = YES;
				CLANG_ENABLE_OBJC_ARC = YES;
				CLANG_ENABLE_OBJC_WEAK = YES;
				CLANG_WARN_BLOCK_CAPTURE_AUTORELEASING = YES;
				CLANG_WARN_BOOL_CONVERSION = YES;
				CLANG_WARN_COMMA = YES;
				CLANG_WARN_CONSTANT_CONVERSION = YES;
				CLANG_WARN_DEPRECATED_OBJC_IMPLEMENTATIONS = YES;
				CLANG_WARN_DIRECT_OBJC_ISA_USAGE = YES_ERROR;
				CLANG_WARN_DOCUMENTATION_COMMENTS = YES;
				CLANG_WARN_EMPTY_BODY = YES;
				CLANG_WARN_ENUM_CONVERSION = YES;
				CLANG_WARN_INFINITE_RECURSION = YES;
				CLANG_WARN_INT_CONVERSION = YES;
				CLANG_WARN_NON_LITERAL_NULL_CONVERSION = YES;
				CLANG_WARN_OBJC_IMPLICIT_RETAIN_SELF = YES;
				CLANG_WARN_OBJC_LITERAL_CONVERSION = YES;
				CLANG_WARN_OBJC_ROOT_CLASS = YES_ERROR;
				CLANG_WARN_QUOTED_INCLUDE_IN_FRAMEWORK_HEADER = YES;
				CLANG_WARN_RANGE_LOOP_ANALYSIS = YES;
				CLANG_WARN_STRICT_PROTOTYPES = YES;
				CLANG_WARN_SUSPICIOUS_MOVE = YES;
				CLANG_WARN_UNGUARDED_AVAILABILITY = YES_AGGRESSIVE;
				CLANG_WARN_UNREACHABLE_CODE = YES;
				CLANG_WARN__DUPLICATE_METHOD_MATCH = YES;
				COPY_PHASE_STRIP = NO;
				DEBUG_INFORMATION_FORMAT = "dwarf-with-dsym";
				DEVELOPMENT_TEAM = 3Z83SUM8JF;
				ENABLE_NS_ASSERTIONS = NO;
				ENABLE_STRICT_OBJC_MSGSEND = YES;
				ENABLE_USER_SCRIPT_SANDBOXING = YES;
				GCC_C_LANGUAGE_STANDARD = gnu17;
				GCC_NO_COMMON_BLOCKS = YES;
				GCC_WARN_64_TO_32_BIT_CONVERSION = YES;
				GCC_WARN_ABOUT_RETURN_TYPE = YES_ERROR;
				GCC_WARN_UNDECLARED_SELECTOR = YES;
				GCC_WARN_UNINITIALIZED_AUTOS = YES_AGGRESSIVE;
				GCC_WARN_UNUSED_FUNCTION = YES;
				GCC_WARN_UNUSED_VARIABLE = YES;
				IPHONEOS_DEPLOYMENT_TARGET = 18.4;
				LOCALIZATION_PREFERS_STRING_CATALOGS = YES;
				MTL_ENABLE_DEBUG_INFO = NO;
				MTL_FAST_MATH = YES;
				SDKROOT = iphoneos;
				SWIFT_COMPILATION_MODE = wholemodule;
				VALIDATE_PRODUCT = YES;
			};
			name = Release;
		};
		1305A1812E5297040029E6A9 /* Debug */ = {
			isa = XCBuildConfiguration;
			buildSettings = {
				ASSETCATALOG_COMPILER_APPICON_NAME = AppIcon;
				ASSETCATALOG_COMPILER_GLOBAL_ACCENT_COLOR_NAME = AccentColor;
				CODE_SIGN_ENTITLEMENTS = PushupProApp/PushupProApp.entitlements;
				CODE_SIGN_STYLE = Automatic;
				CURRENT_PROJECT_VERSION = 1;
				DEVELOPMENT_TEAM = 3Z83SUM8JF;
				ENABLE_PREVIEWS = YES;
				GENERATE_INFOPLIST_FILE = YES;
				INFOPLIST_FILE = PushupProApp/Info.plist;
				INFOPLIST_KEY_NSCameraUsageDescription = "We use the TrueDepth camera to measure push-up distance. No face data is stored.";
				INFOPLIST_KEY_UIApplicationSceneManifest_Generation = YES;
				INFOPLIST_KEY_UIApplicationSupportsIndirectInputEvents = YES;
				INFOPLIST_KEY_UILaunchScreen_Generation = YES;
				INFOPLIST_KEY_UISupportedInterfaceOrientations_iPad = "UIInterfaceOrientationPortrait UIInterfaceOrientationPortraitUpsideDown UIInterfaceOrientationLandscapeLeft UIInterfaceOrientationLandscapeRight";
				INFOPLIST_KEY_UISupportedInterfaceOrientations_iPhone = "UIInterfaceOrientationPortrait UIInterfaceOrientationLandscapeLeft UIInterfaceOrientationLandscapeRight";
				LD_RUNPATH_SEARCH_PATHS = (
					"$(inherited)",
					"@executable_path/Frameworks",
				);
				MARKETING_VERSION = 1.0;
				PRODUCT_BUNDLE_IDENTIFIER = com.yerzhanu.PushupProApp;
				PRODUCT_NAME = "$(TARGET_NAME)";
				SWIFT_EMIT_LOC_STRINGS = YES;
				SWIFT_VERSION = 5.0;
				TARGETED_DEVICE_FAMILY = "1,2";
			};
			name = Debug;
		};
		1305A1822E5297040029E6A9 /* Release */ = {
			isa = XCBuildConfiguration;
			buildSettings = {
				ASSETCATALOG_COMPILER_APPICON_NAME = AppIcon;
				ASSETCATALOG_COMPILER_GLOBAL_ACCENT_COLOR_NAME = AccentColor;
				CODE_SIGN_ENTITLEMENTS = PushupProApp/PushupProApp.entitlements;
				CODE_SIGN_STYLE = Automatic;
				CURRENT_PROJECT_VERSION = 1;
				DEVELOPMENT_TEAM = 3Z83SUM8JF;
				ENABLE_PREVIEWS = YES;
				GENERATE_INFOPLIST_FILE = YES;
				INFOPLIST_FILE = PushupProApp/Info.plist;
				INFOPLIST_KEY_NSCameraUsageDescription = "We use the TrueDepth camera to measure push-up distance. No face data is stored.";
				INFOPLIST_KEY_UIApplicationSceneManifest_Generation = YES;
				INFOPLIST_KEY_UIApplicationSupportsIndirectInputEvents = YES;
				INFOPLIST_KEY_UILaunchScreen_Generation = YES;
				INFOPLIST_KEY_UISupportedInterfaceOrientations_iPad = "UIInterfaceOrientationPortrait UIInterfaceOrientationPortraitUpsideDown UIInterfaceOrientationLandscapeLeft UIInterfaceOrientationLandscapeRight";
				INFOPLIST_KEY_UISupportedInterfaceOrientations_iPhone = "UIInterfaceOrientationPortrait UIInterfaceOrientationLandscapeLeft UIInterfaceOrientationLandscapeRight";
				LD_RUNPATH_SEARCH_PATHS = (
					"$(inherited)",
					"@executable_path/Frameworks",
				);
				MARKETING_VERSION = 1.0;
				PRODUCT_BUNDLE_IDENTIFIER = com.yerzhanu.PushupProApp;
				PRODUCT_NAME = "$(TARGET_NAME)";
				SWIFT_EMIT_LOC_STRINGS = YES;
				SWIFT_VERSION = 5.0;
				TARGETED_DEVICE_FAMILY = "1,2";
			};
			name = Release;
		};
		1305A1842E5297040029E6A9 /* Debug */ = {
			isa = XCBuildConfiguration;
			buildSettings = {
				BUNDLE_LOADER = "$(TEST_HOST)";
				CODE_SIGN_STYLE = Automatic;
				CURRENT_PROJECT_VERSION = 1;
				DEVELOPMENT_TEAM = 3Z83SUM8JF;
				GENERATE_INFOPLIST_FILE = YES;
				IPHONEOS_DEPLOYMENT_TARGET = 18.4;
				MARKETING_VERSION = 1.0;
				PRODUCT_BUNDLE_IDENTIFIER = com.yerzhanu.PushupProAppTests;
				PRODUCT_NAME = "$(TARGET_NAME)";
				SWIFT_EMIT_LOC_STRINGS = NO;
				SWIFT_VERSION = 5.0;
				TARGETED_DEVICE_FAMILY = "1,2";
				TEST_HOST = "$(BUILT_PRODUCTS_DIR)/PushupProApp.app/$(BUNDLE_EXECUTABLE_FOLDER_PATH)/PushupProApp";
			};
			name = Debug;
		};
		1305A1852E5297040029E6A9 /* Release */ = {
			isa = XCBuildConfiguration;
			buildSettings = {
				BUNDLE_LOADER = "$(TEST_HOST)";
				CODE_SIGN_STYLE = Automatic;
				CURRENT_PROJECT_VERSION = 1;
				DEVELOPMENT_TEAM = 3Z83SUM8JF;
				GENERATE_INFOPLIST_FILE = YES;
				IPHONEOS_DEPLOYMENT_TARGET = 18.4;
				MARKETING_VERSION = 1.0;
				PRODUCT_BUNDLE_IDENTIFIER = com.yerzhanu.PushupProAppTests;
				PRODUCT_NAME = "$(TARGET_NAME)";
				SWIFT_EMIT_LOC_STRINGS = NO;
				SWIFT_VERSION = 5.0;
				TARGETED_DEVICE_FAMILY = "1,2";
				TEST_HOST = "$(BUILT_PRODUCTS_DIR)/PushupProApp.app/$(BUNDLE_EXECUTABLE_FOLDER_PATH)/PushupProApp";
			};
			name = Release;
		};
		1305A1872E5297040029E6A9 /* Debug */ = {
			isa = XCBuildConfiguration;
			buildSettings = {
				CODE_SIGN_STYLE = Automatic;
				CURRENT_PROJECT_VERSION = 1;
				DEVELOPMENT_TEAM = 3Z83SUM8JF;
				GENERATE_INFOPLIST_FILE = YES;
				MARKETING_VERSION = 1.0;
				PRODUCT_BUNDLE_IDENTIFIER = com.yerzhanu.PushupProAppUITests;
				PRODUCT_NAME = "$(TARGET_NAME)";
				SWIFT_EMIT_LOC_STRINGS = NO;
				SWIFT_VERSION = 5.0;
				TARGETED_DEVICE_FAMILY = "1,2";
				TEST_TARGET_NAME = PushupProApp;
			};
			name = Debug;
		};
		1305A1882E5297040029E6A9 /* Release */ = {
			isa = XCBuildConfiguration;
			buildSettings = {
				CODE_SIGN_STYLE = Automatic;
				CURRENT_PROJECT_VERSION = 1;
				DEVELOPMENT_TEAM = 3Z83SUM8JF;
				GENERATE_INFOPLIST_FILE = YES;
				MARKETING_VERSION = 1.0;
				PRODUCT_BUNDLE_IDENTIFIER = com.yerzhanu.PushupProAppUITests;
				PRODUCT_NAME = "$(TARGET_NAME)";
				SWIFT_EMIT_LOC_STRINGS = NO;
				SWIFT_VERSION = 5.0;
				TARGETED_DEVICE_FAMILY = "1,2";
				TEST_TARGET_NAME = PushupProApp;
			};
			name = Release;
		};
/* End XCBuildConfiguration section */

/* Begin XCConfigurationList section */
		1305A15A2E5297020029E6A9 /* Build configuration list for PBXProject "PushupProApp" */ = {
			isa = XCConfigurationList;
			buildConfigurations = (
				1305A17E2E5297040029E6A9 /* Debug */,
				1305A17F2E5297040029E6A9 /* Release */,
			);
			defaultConfigurationIsVisible = 0;
			defaultConfigurationName = Release;
		};
		1305A1802E5297040029E6A9 /* Build configuration list for PBXNativeTarget "PushupProApp" */ = {
			isa = XCConfigurationList;
			buildConfigurations = (
				1305A1812E5297040029E6A9 /* Debug */,
				1305A1822E5297040029E6A9 /* Release */,
			);
			defaultConfigurationIsVisible = 0;
			defaultConfigurationName = Release;
		};
		1305A1832E5297040029E6A9 /* Build configuration list for PBXNativeTarget "PushupProAppTests" */ = {
			isa = XCConfigurationList;
			buildConfigurations = (
				1305A1842E5297040029E6A9 /* Debug */,
				1305A1852E5297040029E6A9 /* Release */,
			);
			defaultConfigurationIsVisible = 0;
			defaultConfigurationName = Release;
		};
		1305A1862E5297040029E6A9 /* Build configuration list for PBXNativeTarget "PushupProAppUITests" */ = {
			isa = XCConfigurationList;
			buildConfigurations = (
				1305A1872E5297040029E6A9 /* Debug */,
				1305A1882E5297040029E6A9 /* Release */,
			);
			defaultConfigurationIsVisible = 0;
			defaultConfigurationName = Release;
		};
/* End XCConfigurationList section */

/* Begin XCLocalSwiftPackageReference section */
		1305A1A72E52A1180029E6A9 /* XCLocalSwiftPackageReference "../Packages/AppUI" */ = {
			isa = XCLocalSwiftPackageReference;
			relativePath = ../Packages/AppUI;
		};
		1305A1AE2E52AAB70029E6A9 /* XCLocalSwiftPackageReference "../Packages/Sensing" */ = {
			isa = XCLocalSwiftPackageReference;
			relativePath = ../Packages/Sensing;
		};
/* End XCLocalSwiftPackageReference section */

/* Begin XCRemoteSwiftPackageReference section */
		1305A1892E5298DC0029E6A9 /* XCRemoteSwiftPackageReference "firebase-ios-sdk" */ = {
			isa = XCRemoteSwiftPackageReference;
			repositoryURL = "https://github.com/firebase/firebase-ios-sdk";
			requirement = {
				kind = upToNextMajorVersion;
				minimumVersion = 12.1.0;
			};
		};
		1305A1F42E7DF6F60029E6A9 /* XCRemoteSwiftPackageReference "GoogleSignIn-iOS" */ = {
			isa = XCRemoteSwiftPackageReference;
			repositoryURL = "https://github.com/google/GoogleSignIn-iOS";
			requirement = {
				kind = upToNextMajorVersion;
				minimumVersion = 9.0.0;
			};
		};
/* End XCRemoteSwiftPackageReference section */

/* Begin XCSwiftPackageProductDependency section */
		1305A18A2E5298DC0029E6A9 /* FirebaseAuth */ = {
			isa = XCSwiftPackageProductDependency;
			package = 1305A1892E5298DC0029E6A9 /* XCRemoteSwiftPackageReference "firebase-ios-sdk" */;
			productName = FirebaseAuth;
		};
		1305A18C2E5298DC0029E6A9 /* FirebaseFirestore */ = {
			isa = XCSwiftPackageProductDependency;
			package = 1305A1892E5298DC0029E6A9 /* XCRemoteSwiftPackageReference "firebase-ios-sdk" */;
			productName = FirebaseFirestore;
		};
		1305A1A82E52A1190029E6A9 /* AppUI */ = {
			isa = XCSwiftPackageProductDependency;
			productName = AppUI;
		};
		1305A1AF2E52AAB70029E6A9 /* Sensing */ = {
			isa = XCSwiftPackageProductDependency;
			productName = Sensing;
		};
		1305A1F92E7DFD6D0029E6A9 /* GoogleSignIn */ = {
			isa = XCSwiftPackageProductDependency;
			package = 1305A1F42E7DF6F60029E6A9 /* XCRemoteSwiftPackageReference "GoogleSignIn-iOS" */;
			productName = GoogleSignIn;
		};
		1305A1FB2E7DFD6D0029E6A9 /* GoogleSignInSwift */ = {
			isa = XCSwiftPackageProductDependency;
			package = 1305A1F42E7DF6F60029E6A9 /* XCRemoteSwiftPackageReference "GoogleSignIn-iOS" */;
			productName = GoogleSignInSwift;
		};
/* End XCSwiftPackageProductDependency section */
	};
	rootObject = 1305A1572E5297020029E6A9 /* Project object */;
}
